// !$*UTF8*$!
{
	archiveVersion = 1;
	classes = {
	};
	objectVersion = 77;
	objects = {

/* Begin PBXBuildFile section */
		2E1A48B52DC5F7ED003D8D53 /* FacebookLogin in Frameworks */ = {isa = PBXBuildFile; productRef = 2E1A48B42DC5F7ED003D8D53 /* FacebookLogin */; };
		2E1A48B82DC5FF4C003D8D53 /* FirebaseAuth in Frameworks */ = {isa = PBXBuildFile; productRef = 2E1A48B72DC5FF4C003D8D53 /* FirebaseAuth */; };
		2E1A48BA2DC5FF4C003D8D53 /* FirebaseDatabase in Frameworks */ = {isa = PBXBuildFile; productRef = 2E1A48B92DC5FF4C003D8D53 /* FirebaseDatabase */; };
		2E1A48BC2DC5FF4C003D8D53 /* FirebaseFirestore in Frameworks */ = {isa = PBXBuildFile; productRef = 2E1A48BB2DC5FF4C003D8D53 /* FirebaseFirestore */; };
		2E1A48BE2DC5FF4C003D8D53 /* FirebaseStorage in Frameworks */ = {isa = PBXBuildFile; productRef = 2E1A48BD2DC5FF4C003D8D53 /* FirebaseStorage */; };
		2E9B95AC2DCAF7C4007171B4 /* SDWebImage in Frameworks */ = {isa = PBXBuildFile; productRef = 2E9B95AB2DCAF7C4007171B4 /* SDWebImage */; };
		2EBF7E352DC5808000EA27E1 /* GoogleSignIn in Frameworks */ = {isa = PBXBuildFile; productRef = 2EBF7E342DC5808000EA27E1 /* GoogleSignIn */; };
		2EBF7E372DC5808000EA27E1 /* GoogleSignInSwift in Frameworks */ = {isa = PBXBuildFile; productRef = 2EBF7E362DC5808000EA27E1 /* GoogleSignInSwift */; };
		2EFA418C2DD086B500AEC0E6 /* SDWebImageSwiftUI in Frameworks */ = {isa = PBXBuildFile; productRef = 2EFA418B2DD086B500AEC0E6 /* SDWebImageSwiftUI */; };
		84DB2B822DCED43B007DA360 /* WaterfallGrid in Frameworks */ = {isa = PBXBuildFile; productRef = 84DB2B812DCED43B007DA360 /* WaterfallGrid */; };
/* End PBXBuildFile section */

/* Begin PBXFileReference section */
		2E6EC54D2DB324D80004DD61 /* LaBodega.app */ = {isa = PBXFileReference; explicitFileType = wrapper.application; includeInIndex = 0; path = LaBodega.app; sourceTree = BUILT_PRODUCTS_DIR; };
/* End PBXFileReference section */

/* Begin PBXFileSystemSynchronizedBuildFileExceptionSet section */
		2E6EC55F2DB324DE0004DD61 /* Exceptions for "LaBodega" folder in "LaBodega" target */ = {
			isa = PBXFileSystemSynchronizedBuildFileExceptionSet;
			membershipExceptions = (
				Info.plist,
			);
			target = 2E6EC54C2DB324D80004DD61 /* LaBodega */;
		};
/* End PBXFileSystemSynchronizedBuildFileExceptionSet section */

/* Begin PBXFileSystemSynchronizedRootGroup section */
		2E6EC54F2DB324D80004DD61 /* LaBodega */ = {
			isa = PBXFileSystemSynchronizedRootGroup;
			exceptions = (
				2E6EC55F2DB324DE0004DD61 /* Exceptions for "LaBodega" folder in "LaBodega" target */,
			);
			path = LaBodega;
			sourceTree = "<group>";
		};
/* End PBXFileSystemSynchronizedRootGroup section */

/* Begin PBXFrameworksBuildPhase section */
		2E6EC54A2DB324D80004DD61 /* Frameworks */ = {
			isa = PBXFrameworksBuildPhase;
			buildActionMask = 2147483647;
			files = (
				2EFA418C2DD086B500AEC0E6 /* SDWebImageSwiftUI in Frameworks */,
				2E1A48BA2DC5FF4C003D8D53 /* FirebaseDatabase in Frameworks */,
				2EBF7E352DC5808000EA27E1 /* GoogleSignIn in Frameworks */,
				2E9B95AC2DCAF7C4007171B4 /* SDWebImage in Frameworks */,
				84DB2B822DCED43B007DA360 /* WaterfallGrid in Frameworks */,
				2EBF7E372DC5808000EA27E1 /* GoogleSignInSwift in Frameworks */,
				2E1A48B52DC5F7ED003D8D53 /* FacebookLogin in Frameworks */,
				2E1A48BE2DC5FF4C003D8D53 /* FirebaseStorage in Frameworks */,
				2E1A48B82DC5FF4C003D8D53 /* FirebaseAuth in Frameworks */,
				2E1A48BC2DC5FF4C003D8D53 /* FirebaseFirestore in Frameworks */,
			);
			runOnlyForDeploymentPostprocessing = 0;
		};
/* End PBXFrameworksBuildPhase section */

/* Begin PBXGroup section */
		2E6EC5442DB324D80004DD61 = {
			isa = PBXGroup;
			children = (
				2E6EC54F2DB324D80004DD61 /* LaBodega */,
				2E6EC54E2DB324D80004DD61 /* Products */,
			);
			sourceTree = "<group>";
		};
		2E6EC54E2DB324D80004DD61 /* Products */ = {
			isa = PBXGroup;
			children = (
				2E6EC54D2DB324D80004DD61 /* LaBodega.app */,
			);
			name = Products;
			sourceTree = "<group>";
		};
/* End PBXGroup section */

/* Begin PBXNativeTarget section */
		2E6EC54C2DB324D80004DD61 /* LaBodega */ = {
			isa = PBXNativeTarget;
			buildConfigurationList = 2E6EC5602DB324DE0004DD61 /* Build configuration list for PBXNativeTarget "LaBodega" */;
			buildPhases = (
				2E6EC5492DB324D80004DD61 /* Sources */,
				2E6EC54A2DB324D80004DD61 /* Frameworks */,
				2E6EC54B2DB324D80004DD61 /* Resources */,
			);
			buildRules = (
			);
			dependencies = (
			);
			fileSystemSynchronizedGroups = (
				2E6EC54F2DB324D80004DD61 /* LaBodega */,
			);
			name = LaBodega;
			packageProductDependencies = (
				2EBF7E342DC5808000EA27E1 /* GoogleSignIn */,
				2EBF7E362DC5808000EA27E1 /* GoogleSignInSwift */,
				2E1A48B42DC5F7ED003D8D53 /* FacebookLogin */,
				2E1A48B72DC5FF4C003D8D53 /* FirebaseAuth */,
				2E1A48B92DC5FF4C003D8D53 /* FirebaseDatabase */,
				2E1A48BB2DC5FF4C003D8D53 /* FirebaseFirestore */,
				2E1A48BD2DC5FF4C003D8D53 /* FirebaseStorage */,
				2E9B95AB2DCAF7C4007171B4 /* SDWebImage */,
				84DB2B812DCED43B007DA360 /* WaterfallGrid */,
				2EFA418B2DD086B500AEC0E6 /* SDWebImageSwiftUI */,
			);
			productName = LaBodega;
			productReference = 2E6EC54D2DB324D80004DD61 /* LaBodega.app */;
			productType = "com.apple.product-type.application";
		};
/* End PBXNativeTarget section */

/* Begin PBXProject section */
		2E6EC5452DB324D80004DD61 /* Project object */ = {
			isa = PBXProject;
			attributes = {
				BuildIndependentTargetsInParallel = 1;
				LastSwiftUpdateCheck = 1630;
				LastUpgradeCheck = 1630;
				TargetAttributes = {
					2E6EC54C2DB324D80004DD61 = {
						CreatedOnToolsVersion = 16.3;
					};
				};
			};
			buildConfigurationList = 2E6EC5482DB324D80004DD61 /* Build configuration list for PBXProject "LaBodega" */;
			developmentRegion = en;
			hasScannedForEncodings = 0;
			knownRegions = (
				en,
				Base,
			);
			mainGroup = 2E6EC5442DB324D80004DD61;
			minimizedProjectReferenceProxies = 1;
			packageReferences = (
				2E6EC5652DB3270F0004DD61 /* XCRemoteSwiftPackageReference "firebase-ios-sdk" */,
				2EBF7E332DC5808000EA27E1 /* XCRemoteSwiftPackageReference "GoogleSignIn-iOS" */,
				2E1A48B32DC5F7ED003D8D53 /* XCRemoteSwiftPackageReference "facebook-ios-sdk" */,
				2E9B95AA2DCAF7C4007171B4 /* XCRemoteSwiftPackageReference "SDWebImage" */,
				84DB2B802DCED43B007DA360 /* XCRemoteSwiftPackageReference "WaterfallGrid" */,
				2EFA418A2DD086B500AEC0E6 /* XCRemoteSwiftPackageReference "SDWebImageSwiftUI" */,
			);
			preferredProjectObjectVersion = 77;
			productRefGroup = 2E6EC54E2DB324D80004DD61 /* Products */;
			projectDirPath = "";
			projectRoot = "";
			targets = (
				2E6EC54C2DB324D80004DD61 /* LaBodega */,
			);
		};
/* End PBXProject section */

/* Begin PBXResourcesBuildPhase section */
		2E6EC54B2DB324D80004DD61 /* Resources */ = {
			isa = PBXResourcesBuildPhase;
			buildActionMask = 2147483647;
			files = (
			);
			runOnlyForDeploymentPostprocessing = 0;
		};
/* End PBXResourcesBuildPhase section */

/* Begin PBXSourcesBuildPhase section */
		2E6EC5492DB324D80004DD61 /* Sources */ = {
			isa = PBXSourcesBuildPhase;
			buildActionMask = 2147483647;
			files = (
			);
			runOnlyForDeploymentPostprocessing = 0;
		};
/* End PBXSourcesBuildPhase section */

/* Begin XCBuildConfiguration section */
		2E6EC5612DB324DE0004DD61 /* Debug */ = {
			isa = XCBuildConfiguration;
			buildSettings = {
				ASSETCATALOG_COMPILER_APPICON_NAME = AppIcon;
				ASSETCATALOG_COMPILER_GLOBAL_ACCENT_COLOR_NAME = AccentColor;
				CODE_SIGN_ENTITLEMENTS = LaBodega/LaBodega.entitlements;
				CODE_SIGN_STYLE = Automatic;
				CURRENT_PROJECT_VERSION = 1;
				GENERATE_INFOPLIST_FILE = YES;
				INFOPLIST_FILE = LaBodega/Info.plist;
				INFOPLIST_KEY_UIApplicationSupportsIndirectInputEvents = YES;
				INFOPLIST_KEY_UILaunchStoryboardName = LaunchScreen;
				INFOPLIST_KEY_UIMainStoryboardFile = Main;
				INFOPLIST_KEY_UISupportedInterfaceOrientations_iPad = "UIInterfaceOrientationPortrait UIInterfaceOrientationPortraitUpsideDown UIInterfaceOrientationLandscapeLeft UIInterfaceOrientationLandscapeRight";
				INFOPLIST_KEY_UISupportedInterfaceOrientations_iPhone = "UIInterfaceOrientationPortrait UIInterfaceOrientationLandscapeLeft UIInterfaceOrientationLandscapeRight";
				IPHONEOS_DEPLOYMENT_TARGET = 18.0;
				LD_RUNPATH_SEARCH_PATHS = (
					"$(inherited)",
					"@executable_path/Frameworks",
				);
				MARKETING_VERSION = 1.0;
				PRODUCT_BUNDLE_IDENTIFIER = com.project.LaBodega;
				PRODUCT_NAME = "$(TARGET_NAME)";
				SWIFT_EMIT_LOC_STRINGS = YES;
				SWIFT_VERSION = 5.0;
				TARGETED_DEVICE_FAMILY = "1,2";
			};
			name = Debug;
		};
		2E6EC5622DB324DE0004DD61 /* Release */ = {
			isa = XCBuildConfiguration;
			buildSettings = {
				ASSETCATALOG_COMPILER_APPICON_NAME = AppIcon;
				ASSETCATALOG_COMPILER_GLOBAL_ACCENT_COLOR_NAME = AccentColor;
				CODE_SIGN_ENTITLEMENTS = LaBodega/LaBodega.entitlements;
				CODE_SIGN_STYLE = Automatic;
				CURRENT_PROJECT_VERSION = 1;
				GENERATE_INFOPLIST_FILE = YES;
				INFOPLIST_FILE = LaBodega/Info.plist;
				INFOPLIST_KEY_UIApplicationSupportsIndirectInputEvents = YES;
				INFOPLIST_KEY_UILaunchStoryboardName = LaunchScreen;
				INFOPLIST_KEY_UIMainStoryboardFile = Main;
				INFOPLIST_KEY_UISupportedInterfaceOrientations_iPad = "UIInterfaceOrientationPortrait UIInterfaceOrientationPortraitUpsideDown UIInterfaceOrientationLandscapeLeft UIInterfaceOrientationLandscapeRight";
				INFOPLIST_KEY_UISupportedInterfaceOrientations_iPhone = "UIInterfaceOrientationPortrait UIInterfaceOrientationLandscapeLeft UIInterfaceOrientationLandscapeRight";
				IPHONEOS_DEPLOYMENT_TARGET = 18.0;
				LD_RUNPATH_SEARCH_PATHS = (
					"$(inherited)",
					"@executable_path/Frameworks",
				);
				MARKETING_VERSION = 1.0;
				PRODUCT_BUNDLE_IDENTIFIER = com.project.LaBodega;
				PRODUCT_NAME = "$(TARGET_NAME)";
				SWIFT_EMIT_LOC_STRINGS = YES;
				SWIFT_VERSION = 5.0;
				TARGETED_DEVICE_FAMILY = "1,2";
			};
			name = Release;
		};
		2E6EC5632DB324DE0004DD61 /* Debug */ = {
			isa = XCBuildConfiguration;
			buildSettings = {
				ALWAYS_SEARCH_USER_PATHS = NO;
				ASSETCATALOG_COMPILER_GENERATE_SWIFT_ASSET_SYMBOL_EXTENSIONS = YES;
				CLANG_ANALYZER_NONNULL = YES;
				CLANG_ANALYZER_NUMBER_OBJECT_CONVERSION = YES_AGGRESSIVE;
				CLANG_CXX_LANGUAGE_STANDARD = "gnu++20";
				CLANG_ENABLE_MODULES = YES;
				CLANG_ENABLE_OBJC_ARC = YES;
				CLANG_ENABLE_OBJC_WEAK = YES;
				CLANG_WARN_BLOCK_CAPTURE_AUTORELEASING = YES;
				CLANG_WARN_BOOL_CONVERSION = YES;
				CLANG_WARN_COMMA = YES;
				CLANG_WARN_CONSTANT_CONVERSION = YES;
				CLANG_WARN_DEPRECATED_OBJC_IMPLEMENTATIONS = YES;
				CLANG_WARN_DIRECT_OBJC_ISA_USAGE = YES_ERROR;
				CLANG_WARN_DOCUMENTATION_COMMENTS = YES;
				CLANG_WARN_EMPTY_BODY = YES;
				CLANG_WARN_ENUM_CONVERSION = YES;
				CLANG_WARN_INFINITE_RECURSION = YES;
				CLANG_WARN_INT_CONVERSION = YES;
				CLANG_WARN_NON_LITERAL_NULL_CONVERSION = YES;
				CLANG_WARN_OBJC_IMPLICIT_RETAIN_SELF = YES;
				CLANG_WARN_OBJC_LITERAL_CONVERSION = YES;
				CLANG_WARN_OBJC_ROOT_CLASS = YES_ERROR;
				CLANG_WARN_QUOTED_INCLUDE_IN_FRAMEWORK_HEADER = YES;
				CLANG_WARN_RANGE_LOOP_ANALYSIS = YES;
				CLANG_WARN_STRICT_PROTOTYPES = YES;
				CLANG_WARN_SUSPICIOUS_MOVE = YES;
				CLANG_WARN_UNGUARDED_AVAILABILITY = YES_AGGRESSIVE;
				CLANG_WARN_UNREACHABLE_CODE = YES;
				CLANG_WARN__DUPLICATE_METHOD_MATCH = YES;
				COPY_PHASE_STRIP = NO;
				DEBUG_INFORMATION_FORMAT = dwarf;
				ENABLE_STRICT_OBJC_MSGSEND = YES;
				ENABLE_TESTABILITY = YES;
				ENABLE_USER_SCRIPT_SANDBOXING = YES;
				GCC_C_LANGUAGE_STANDARD = gnu17;
				GCC_DYNAMIC_NO_PIC = NO;
				GCC_NO_COMMON_BLOCKS = YES;
				GCC_OPTIMIZATION_LEVEL = 0;
				GCC_PREPROCESSOR_DEFINITIONS = (
					"DEBUG=1",
					"$(inherited)",
				);
				GCC_WARN_64_TO_32_BIT_CONVERSION = YES;
				GCC_WARN_ABOUT_RETURN_TYPE = YES_ERROR;
				GCC_WARN_UNDECLARED_SELECTOR = YES;
				GCC_WARN_UNINITIALIZED_AUTOS = YES_AGGRESSIVE;
				GCC_WARN_UNUSED_FUNCTION = YES;
				GCC_WARN_UNUSED_VARIABLE = YES;
				IPHONEOS_DEPLOYMENT_TARGET = 18.4;
				LOCALIZATION_PREFERS_STRING_CATALOGS = YES;
				MTL_ENABLE_DEBUG_INFO = INCLUDE_SOURCE;
				MTL_FAST_MATH = YES;
				ONLY_ACTIVE_ARCH = YES;
				SDKROOT = iphoneos;
				SWIFT_ACTIVE_COMPILATION_CONDITIONS = "DEBUG $(inherited)";
				SWIFT_OPTIMIZATION_LEVEL = "-Onone";
			};
			name = Debug;
		};
		2E6EC5642DB324DE0004DD61 /* Release */ = {
			isa = XCBuildConfiguration;
			buildSettings = {
				ALWAYS_SEARCH_USER_PATHS = NO;
				ASSETCATALOG_COMPILER_GENERATE_SWIFT_ASSET_SYMBOL_EXTENSIONS = YES;
				CLANG_ANALYZER_NONNULL = YES;
				CLANG_ANALYZER_NUMBER_OBJECT_CONVERSION = YES_AGGRESSIVE;
				CLANG_CXX_LANGUAGE_STANDARD = "gnu++20";
				CLANG_ENABLE_MODULES = YES;
				CLANG_ENABLE_OBJC_ARC = YES;
				CLANG_ENABLE_OBJC_WEAK = YES;
				CLANG_WARN_BLOCK_CAPTURE_AUTORELEASING = YES;
				CLANG_WARN_BOOL_CONVERSION = YES;
				CLANG_WARN_COMMA = YES;
				CLANG_WARN_CONSTANT_CONVERSION = YES;
				CLANG_WARN_DEPRECATED_OBJC_IMPLEMENTATIONS = YES;
				CLANG_WARN_DIRECT_OBJC_ISA_USAGE = YES_ERROR;
				CLANG_WARN_DOCUMENTATION_COMMENTS = YES;
				CLANG_WARN_EMPTY_BODY = YES;
				CLANG_WARN_ENUM_CONVERSION = YES;
				CLANG_WARN_INFINITE_RECURSION = YES;
				CLANG_WARN_INT_CONVERSION = YES;
				CLANG_WARN_NON_LITERAL_NULL_CONVERSION = YES;
				CLANG_WARN_OBJC_IMPLICIT_RETAIN_SELF = YES;
				CLANG_WARN_OBJC_LITERAL_CONVERSION = YES;
				CLANG_WARN_OBJC_ROOT_CLASS = YES_ERROR;
				CLANG_WARN_QUOTED_INCLUDE_IN_FRAMEWORK_HEADER = YES;
				CLANG_WARN_RANGE_LOOP_ANALYSIS = YES;
				CLANG_WARN_STRICT_PROTOTYPES = YES;
				CLANG_WARN_SUSPICIOUS_MOVE = YES;
				CLANG_WARN_UNGUARDED_AVAILABILITY = YES_AGGRESSIVE;
				CLANG_WARN_UNREACHABLE_CODE = YES;
				CLANG_WARN__DUPLICATE_METHOD_MATCH = YES;
				COPY_PHASE_STRIP = NO;
				DEBUG_INFORMATION_FORMAT = "dwarf-with-dsym";
				ENABLE_NS_ASSERTIONS = NO;
				ENABLE_STRICT_OBJC_MSGSEND = YES;
				ENABLE_USER_SCRIPT_SANDBOXING = YES;
				GCC_C_LANGUAGE_STANDARD = gnu17;
				GCC_NO_COMMON_BLOCKS = YES;
				GCC_WARN_64_TO_32_BIT_CONVERSION = YES;
				GCC_WARN_ABOUT_RETURN_TYPE = YES_ERROR;
				GCC_WARN_UNDECLARED_SELECTOR = YES;
				GCC_WARN_UNINITIALIZED_AUTOS = YES_AGGRESSIVE;
				GCC_WARN_UNUSED_FUNCTION = YES;
				GCC_WARN_UNUSED_VARIABLE = YES;
				IPHONEOS_DEPLOYMENT_TARGET = 18.4;
				LOCALIZATION_PREFERS_STRING_CATALOGS = YES;
				MTL_ENABLE_DEBUG_INFO = NO;
				MTL_FAST_MATH = YES;
				SDKROOT = iphoneos;
				SWIFT_COMPILATION_MODE = wholemodule;
				VALIDATE_PRODUCT = YES;
			};
			name = Release;
		};
/* End XCBuildConfiguration section */

/* Begin XCConfigurationList section */
		2E6EC5482DB324D80004DD61 /* Build configuration list for PBXProject "LaBodega" */ = {
			isa = XCConfigurationList;
			buildConfigurations = (
				2E6EC5632DB324DE0004DD61 /* Debug */,
				2E6EC5642DB324DE0004DD61 /* Release */,
			);
			defaultConfigurationIsVisible = 0;
			defaultConfigurationName = Release;
		};
		2E6EC5602DB324DE0004DD61 /* Build configuration list for PBXNativeTarget "LaBodega" */ = {
			isa = XCConfigurationList;
			buildConfigurations = (
				2E6EC5612DB324DE0004DD61 /* Debug */,
				2E6EC5622DB324DE0004DD61 /* Release */,
			);
			defaultConfigurationIsVisible = 0;
			defaultConfigurationName = Release;
		};
/* End XCConfigurationList section */

/* Begin XCRemoteSwiftPackageReference section */
		2E1A48B32DC5F7ED003D8D53 /* XCRemoteSwiftPackageReference "facebook-ios-sdk" */ = {
			isa = XCRemoteSwiftPackageReference;
			repositoryURL = "https://github.com/facebook/facebook-ios-sdk";
			requirement = {
				kind = upToNextMajorVersion;
				minimumVersion = 14.1.0;
			};
		};
		2E6EC5652DB3270F0004DD61 /* XCRemoteSwiftPackageReference "firebase-ios-sdk" */ = {
			isa = XCRemoteSwiftPackageReference;
			repositoryURL = "https://github.com/firebase/firebase-ios-sdk";
			requirement = {
				kind = upToNextMajorVersion;
				minimumVersion = 11.11.0;
			};
		};
		2E9B95AA2DCAF7C4007171B4 /* XCRemoteSwiftPackageReference "SDWebImage" */ = {
			isa = XCRemoteSwiftPackageReference;
			repositoryURL = "https://github.com/SDWebImage/SDWebImage.git";
			requirement = {
				kind = upToNextMajorVersion;
				minimumVersion = 5.21.0;
			};
		};
		2EBF7E332DC5808000EA27E1 /* XCRemoteSwiftPackageReference "GoogleSignIn-iOS" */ = {
			isa = XCRemoteSwiftPackageReference;
			repositoryURL = "https://github.com/google/GoogleSignIn-iOS";
			requirement = {
				kind = upToNextMajorVersion;
				minimumVersion = 8.0.0;
			};
		};
		2EFA418A2DD086B500AEC0E6 /* XCRemoteSwiftPackageReference "SDWebImageSwiftUI" */ = {
			isa = XCRemoteSwiftPackageReference;
			repositoryURL = "https://github.com/SDWebImage/SDWebImageSwiftUI";
			requirement = {
				kind = upToNextMajorVersion;
				minimumVersion = 3.1.3;
			};
		};
		84DB2B802DCED43B007DA360 /* XCRemoteSwiftPackageReference "WaterfallGrid" */ = {
			isa = XCRemoteSwiftPackageReference;
			repositoryURL = "https://github.com/paololeonardi/WaterfallGrid.git";
			requirement = {
				kind = upToNextMajorVersion;
				minimumVersion = 1.1.0;
			};
		};
/* End XCRemoteSwiftPackageReference section */

/* Begin XCSwiftPackageProductDependency section */
		2E1A48B42DC5F7ED003D8D53 /* FacebookLogin */ = {
			isa = XCSwiftPackageProductDependency;
			package = 2E1A48B32DC5F7ED003D8D53 /* XCRemoteSwiftPackageReference "facebook-ios-sdk" */;
			productName = FacebookLogin;
		};
		2E1A48B72DC5FF4C003D8D53 /* FirebaseAuth */ = {
			isa = XCSwiftPackageProductDependency;
			package = 2E6EC5652DB3270F0004DD61 /* XCRemoteSwiftPackageReference "firebase-ios-sdk" */;
			productName = FirebaseAuth;
		};
		2E1A48B92DC5FF4C003D8D53 /* FirebaseDatabase */ = {
			isa = XCSwiftPackageProductDependency;
			package = 2E6EC5652DB3270F0004DD61 /* XCRemoteSwiftPackageReference "firebase-ios-sdk" */;
			productName = FirebaseDatabase;
		};
		2E1A48BB2DC5FF4C003D8D53 /* FirebaseFirestore */ = {
			isa = XCSwiftPackageProductDependency;
			package = 2E6EC5652DB3270F0004DD61 /* XCRemoteSwiftPackageReference "firebase-ios-sdk" */;
			productName = FirebaseFirestore;
		};
		2E1A48BD2DC5FF4C003D8D53 /* FirebaseStorage */ = {
			isa = XCSwiftPackageProductDependency;
			package = 2E6EC5652DB3270F0004DD61 /* XCRemoteSwiftPackageReference "firebase-ios-sdk" */;
			productName = FirebaseStorage;
		};
		2E9B95AB2DCAF7C4007171B4 /* SDWebImage */ = {
			isa = XCSwiftPackageProductDependency;
			package = 2E9B95AA2DCAF7C4007171B4 /* XCRemoteSwiftPackageReference "SDWebImage" */;
			productName = SDWebImage;
		};
		2EBF7E342DC5808000EA27E1 /* GoogleSignIn */ = {
			isa = XCSwiftPackageProductDependency;
			package = 2EBF7E332DC5808000EA27E1 /* XCRemoteSwiftPackageReference "GoogleSignIn-iOS" */;
			productName = GoogleSignIn;
		};
		2EBF7E362DC5808000EA27E1 /* GoogleSignInSwift */ = {
			isa = XCSwiftPackageProductDependency;
			package = 2EBF7E332DC5808000EA27E1 /* XCRemoteSwiftPackageReference "GoogleSignIn-iOS" */;
			productName = GoogleSignInSwift;
		};
		2EFA418B2DD086B500AEC0E6 /* SDWebImageSwiftUI */ = {
			isa = XCSwiftPackageProductDependency;
			package = 2EFA418A2DD086B500AEC0E6 /* XCRemoteSwiftPackageReference "SDWebImageSwiftUI" */;
			productName = SDWebImageSwiftUI;
		};
		84DB2B812DCED43B007DA360 /* WaterfallGrid */ = {
			isa = XCSwiftPackageProductDependency;
			package = 84DB2B802DCED43B007DA360 /* XCRemoteSwiftPackageReference "WaterfallGrid" */;
			productName = WaterfallGrid;
		};
/* End XCSwiftPackageProductDependency section */
	};
	rootObject = 2E6EC5452DB324D80004DD61 /* Project object */;
}
